
Microsoft Visual Studio Solution File, Format Version 12.00
# Visual Studio Version 17
VisualStudioVersion = 17.1.32414.318
MinimumVisualStudioVersion = 10.0.40219.1
Project("{9A19103F-16F7-4668-BE54-9A1E7A4F7556}") = "Recognize", "WinFormsApp1\Recognize.csproj", "{0531430B-B1D6-4716-A15C-91569C5F9241}"
EndProject
Project("{2150E333-8FDC-42A3-9474-1A3956D46DE8}") = "Solution Items", "Solution Items", "{26EA6CDC-0E4A-4FBB-95A1-A3AE2C458AD4}"
	ProjectSection(SolutionItems) = preProject
		.editorconfig = .editorconfig
	EndProjectSection
EndProject
Global
	GlobalSection(SolutionConfigurationPlatforms) = preSolution
		Debug|Any CPU = Debug|Any CPU
		Release|Any CPU = Release|Any CPU
	EndGlobalSection
	GlobalSection(ProjectConfigurationPlatforms) = postSolution
		{0531430B-B1D6-4716-A15C-91569C5F9241}.Debug|Any CPU.ActiveCfg = Debug|Any CPU
		{0531430B-B1D6-4716-A15C-91569C5F9241}.Debug|Any CPU.Build.0 = Debug|Any CPU
		{0531430B-B1D6-4716-A15C-91569C5F9241}.Release|Any CPU.ActiveCfg = Release|Any CPU
		{0531430B-B1D6-4716-A15C-91569C5F9241}.Release|Any CPU.Build.0 = Release|Any CPU
	EndGlobalSection
	GlobalSection(SolutionProperties) = preSolution
		HideSolutionNode = FALSE
	EndGlobalSection
	GlobalSection(ExtensibilityGlobals) = postSolution
		SolutionGuid = {5ED4D19E-1E55-4BF7-8C40-D6DC27187695}
	EndGlobalSection
EndGlobal
